{
  "name": "notionAPI",
  "lockfileVersion": 3,
  "requires": true,
  "packages": {
    "": {
      "dependencies": {
        "chrome-types": "^0.1.346"
      }
    },
    "node_modules/chrome-types": {
      "version": "0.1.346",
      "resolved": "https://registry.npmjs.org/chrome-types/-/chrome-types-0.1.346.tgz",
      "integrity": "sha512-HqVK3LE1eTqabMtBklHyODSMTrdU4p1NKwnYRUN43IdaFYdNsVz931nwHW1FUIwM5iMMu1r4UZmha+/Fnq1ZFw==",
      "license": "Apache-2.0"
    }
  }
}
